dependencies:
  espressif/esp32-camera:
    component_hash: a1933162caca04a3a3bb0dca00bb56fcb3c50cd3779ab2f2b03ad8536e9bd0d0
    source:
      service_url: https://api.components.espressif.com/
      type: service
    version: 2.0.9
  idf:
    component_hash: null
    source:
      type: idf
    version: 5.2.2
  sky9t_sulia/esp32-cam-helper:
    component_hash: 48fab50a8ef35089ac4abf27e19d477bdc09d3107cfbf48267ed307aee3c69bf
    source:
      git: https://github.com/sky9t-sulia/esp32-cam-helper.git
      path: .
      type: git
    version: 987365b283a4777340068fbe45e893dec3b72bdd
  sky9t_sulia/esp32-ssd1306:
    component_hash: 666995958030979de6e650ef506e7077883b5271b2445c094b8e706f987531f1
    source:
      git: https://github.com/sky9t-sulia/esp32-ssd1306.git
      path: .
      type: git
    version: 860038d5073d974df0985fc583b56d3145539a97
manifest_hash: c633013eba7eba07857484868006c7cce35b0067483480e93dcd004c1cdc2a3e
target: esp32s3
version: 1.0.0
